{
  "name": "go_apm_server",
  "lockfileVersion": 3,
  "requires": true,
  "packages": {
    "": {
      "dependencies": {
        "@typescript/native-preview": "^7.0.0-dev.20260311.1"
      }
    },
    "node_modules/@typescript/native-preview": {
      "version": "7.0.0-dev.20260311.1",
      "resolved": "https://registry.npmjs.org/@typescript/native-preview/-/native-preview-7.0.0-dev.20260311.1.tgz",
      "integrity": "sha512-BnyOW/mdZVZGevyeJ4RRY60CI4F121QBa++8Rwd+/Ms48OKQ30eMhaIKWGowz/u4WjJZmrzhFxIzN92XeSWMCQ==",
      "license": "Apache-2.0",
      "bin": {
        "tsgo": "bin/tsgo.js"
      },
      "optionalDependencies": {
        "@typescript/native-preview-darwin-arm64": "7.0.0-dev.20260311.1",
        "@typescript/native-preview-darwin-x64": "7.0.0-dev.20260311.1",
        "@typescript/native-preview-linux-arm": "7.0.0-dev.20260311.1",
        "@typescript/native-preview-linux-arm64": "7.0.0-dev.20260311.1",
        "@typescript/native-preview-linux-x64": "7.0.0-dev.20260311.1",
        "@typescript/native-preview-win32-arm64": "7.0.0-dev.20260311.1",
        "@typescript/native-preview-win32-x64": "7.0.0-dev.20260311.1"
      }
    },
    "node_modules/@typescript/native-preview-darwin-arm64": {
      "version": "7.0.0-dev.20260311.1",
      "resolved": "https://registry.npmjs.org/@typescript/native-preview-darwin-arm64/-/native-preview-darwin-arm64-7.0.0-dev.20260311.1.tgz",
      "integrity": "sha512-k3UqlA40U9m8meAyliJdbTayDSGZRBGNsEDP2rtjOomLUo2IA0eIi4vNAjQKzsXFtyfoQ59MGAqOLSO/CzVrQA==",
      "cpu": [
        "arm64"
      ],
      "license": "Apache-2.0",
      "optional": true,
      "os": [
        "darwin"
      ]
    },
    "node_modules/@typescript/native-preview-darwin-x64": {
      "version": "7.0.0-dev.20260311.1",
      "resolved": "https://registry.npmjs.org/@typescript/native-preview-darwin-x64/-/native-preview-darwin-x64-7.0.0-dev.20260311.1.tgz",
      "integrity": "sha512-8PNUCS1HPeXMK1F+1D3A4MyD+9Nil2mM3mWSwayUZpqT/A+dfEtcoo4Oe7Gz6qvMZbhCjbipwhTC84ilisiE1g==",
      "cpu": [
        "x64"
      ],
      "license": "Apache-2.0",
      "optional": true,
      "os": [
        "darwin"
      ]
    },
    "node_modules/@typescript/native-preview-linux-arm": {
      "version": "7.0.0-dev.20260311.1",
      "resolved": "https://registry.npmjs.org/@typescript/native-preview-linux-arm/-/native-preview-linux-arm-7.0.0-dev.20260311.1.tgz",
      "integrity": "sha512-9T8kwNALCWzuNe00ri/f6wwoVD64YZW24cqkycFeptIF+DfNxfHMddWd7fvtHf0OKzPtkL83mkjBtviNeVKOfQ==",
      "cpu": [
        "arm"
      ],
      "license": "Apache-2.0",
      "optional": true,
      "os": [
        "linux"
      ]
    },
    "node_modules/@typescript/native-preview-linux-arm64": {
      "version": "7.0.0-dev.20260311.1",
      "resolved": "https://registry.npmjs.org/@typescript/native-preview-linux-arm64/-/native-preview-linux-arm64-7.0.0-dev.20260311.1.tgz",
      "integrity": "sha512-WwRJO5ryMEs4Flro6JKNq0T+hR78eYFrItautu9o6EsIpeevk7Cq7T0BBgCrAf+A5aKts21HpiWzfHI0YP/CuQ==",
      "cpu": [
        "arm64"
      ],
      "license": "Apache-2.0",
      "optional": true,
      "os": [
        "linux"
      ]
    },
    "node_modules/@typescript/native-preview-linux-x64": {
      "version": "7.0.0-dev.20260311.1",
      "resolved": "https://registry.npmjs.org/@typescript/native-preview-linux-x64/-/native-preview-linux-x64-7.0.0-dev.20260311.1.tgz",
      "integrity": "sha512-oMm3cb4njzMLBb61TI4EGq5Igxc+hoPHHNpMWqORfiYu/uQZWnter/twamTrZo6boCFtIa59mrGkhR3Qz7kauA==",
      "cpu": [
        "x64"
      ],
      "license": "Apache-2.0",
      "optional": true,
      "os": [
        "linux"
      ]
    },
    "node_modules/@typescript/native-preview-win32-arm64": {
      "version": "7.0.0-dev.20260311.1",
      "resolved": "https://registry.npmjs.org/@typescript/native-preview-win32-arm64/-/native-preview-win32-arm64-7.0.0-dev.20260311.1.tgz",
      "integrity": "sha512-EQ5nz4qrwtzMZ5bjdMVQ2ke5BHQWDBz9IQsdh/8UU819cs5ZBnKmFFe5wOrIngqFvq4EoWKDXf983Vw0q4erkg==",
      "cpu": [
        "arm64"
      ],
      "license": "Apache-2.0",
      "optional": true,
      "os": [
        "win32"
      ]
    },
    "node_modules/@typescript/native-preview-win32-x64": {
      "version": "7.0.0-dev.20260311.1",
      "resolved": "https://registry.npmjs.org/@typescript/native-preview-win32-x64/-/native-preview-win32-x64-7.0.0-dev.20260311.1.tgz",
      "integrity": "sha512-Y/5A7BaRFV1Pro4BqNW3nVDuId7YdPXktl769x1yUjTDQLH6YJEJVeBkFkT0+4e1O5IL92rxxr8rWMLypNKnTw==",
      "cpu": [
        "x64"
      ],
      "license": "Apache-2.0",
      "optional": true,
      "os": [
        "win32"
      ]
    }
  }
}
